
Microsoft Visual Studio Solution File, Format Version 12.00
# Visual Studio Version 17
VisualStudioVersion = 17.10.34916.146
MinimumVisualStudioVersion = 10.0.40219.1
Project("{2150E333-8FDC-42A3-9474-1A3956D46DE8}") = "src", "src", "{6A4278C8-C734-4CA1-A20D-335457DD8410}"
EndProject
Project("{2150E333-8FDC-42A3-9474-1A3956D46DE8}") = "Core", "Core", "{155F552F-4111-409A-AB3F-CA72EE58C583}"
EndProject
Project("{FAE04EC0-301F-11D3-BF4B-00C04F79EFBC}") = "Domain", "Domain\Domain.csproj", "{AFB5380A-C7B9-4863-ADA8-2C45AFF6DD6A}"
EndProject
Project("{FAE04EC0-301F-11D3-BF4B-00C04F79EFBC}") = "Application", "Application\Application.csproj", "{EB578052-88F5-4A59-8877-83C2E969DF0F}"
EndProject
Project("{FAE04EC0-301F-11D3-BF4B-00C04F79EFBC}") = "Infrastructure", "Infrastructure\Infrastructure.csproj", "{C7D4D95F-89CA-47D8-8304-62170E5FFAE9}"
EndProject
Project("{FAE04EC0-301F-11D3-BF4B-00C04F79EFBC}") = "Common", "Common\Common.csproj", "{F2AF50AD-1CC2-45B8-8BCF-144906A97674}"
EndProject
Project("{FAE04EC0-301F-11D3-BF4B-00C04F79EFBC}") = "WebApi", "WebApi\WebApi.csproj", "{1628D68B-81E0-4271-92D4-D81EE7737CF8}"
EndProject
Global
	GlobalSection(SolutionConfigurationPlatforms) = preSolution
		Debug|Any CPU = Debug|Any CPU
		Release|Any CPU = Release|Any CPU
	EndGlobalSection
	GlobalSection(ProjectConfigurationPlatforms) = postSolution
		{AFB5380A-C7B9-4863-ADA8-2C45AFF6DD6A}.Debug|Any CPU.ActiveCfg = Debug|Any CPU
		{AFB5380A-C7B9-4863-ADA8-2C45AFF6DD6A}.Debug|Any CPU.Build.0 = Debug|Any CPU
		{AFB5380A-C7B9-4863-ADA8-2C45AFF6DD6A}.Release|Any CPU.ActiveCfg = Release|Any CPU
		{AFB5380A-C7B9-4863-ADA8-2C45AFF6DD6A}.Release|Any CPU.Build.0 = Release|Any CPU
		{EB578052-88F5-4A59-8877-83C2E969DF0F}.Debug|Any CPU.ActiveCfg = Debug|Any CPU
		{EB578052-88F5-4A59-8877-83C2E969DF0F}.Debug|Any CPU.Build.0 = Debug|Any CPU
		{EB578052-88F5-4A59-8877-83C2E969DF0F}.Release|Any CPU.ActiveCfg = Release|Any CPU
		{EB578052-88F5-4A59-8877-83C2E969DF0F}.Release|Any CPU.Build.0 = Release|Any CPU
		{C7D4D95F-89CA-47D8-8304-62170E5FFAE9}.Debug|Any CPU.ActiveCfg = Debug|Any CPU
		{C7D4D95F-89CA-47D8-8304-62170E5FFAE9}.Debug|Any CPU.Build.0 = Debug|Any CPU
		{C7D4D95F-89CA-47D8-8304-62170E5FFAE9}.Release|Any CPU.ActiveCfg = Release|Any CPU
		{C7D4D95F-89CA-47D8-8304-62170E5FFAE9}.Release|Any CPU.Build.0 = Release|Any CPU
		{F2AF50AD-1CC2-45B8-8BCF-144906A97674}.Debug|Any CPU.ActiveCfg = Debug|Any CPU
		{F2AF50AD-1CC2-45B8-8BCF-144906A97674}.Debug|Any CPU.Build.0 = Debug|Any CPU
		{F2AF50AD-1CC2-45B8-8BCF-144906A97674}.Release|Any CPU.ActiveCfg = Release|Any CPU
		{F2AF50AD-1CC2-45B8-8BCF-144906A97674}.Release|Any CPU.Build.0 = Release|Any CPU
		{1628D68B-81E0-4271-92D4-D81EE7737CF8}.Debug|Any CPU.ActiveCfg = Debug|Any CPU
		{1628D68B-81E0-4271-92D4-D81EE7737CF8}.Debug|Any CPU.Build.0 = Debug|Any CPU
		{1628D68B-81E0-4271-92D4-D81EE7737CF8}.Release|Any CPU.ActiveCfg = Release|Any CPU
		{1628D68B-81E0-4271-92D4-D81EE7737CF8}.Release|Any CPU.Build.0 = Release|Any CPU
	EndGlobalSection
	GlobalSection(SolutionProperties) = preSolution
		HideSolutionNode = FALSE
	EndGlobalSection
	GlobalSection(NestedProjects) = preSolution
		{155F552F-4111-409A-AB3F-CA72EE58C583} = {6A4278C8-C734-4CA1-A20D-335457DD8410}
		{AFB5380A-C7B9-4863-ADA8-2C45AFF6DD6A} = {155F552F-4111-409A-AB3F-CA72EE58C583}
		{EB578052-88F5-4A59-8877-83C2E969DF0F} = {155F552F-4111-409A-AB3F-CA72EE58C583}
		{C7D4D95F-89CA-47D8-8304-62170E5FFAE9} = {6A4278C8-C734-4CA1-A20D-335457DD8410}
		{F2AF50AD-1CC2-45B8-8BCF-144906A97674} = {6A4278C8-C734-4CA1-A20D-335457DD8410}
		{1628D68B-81E0-4271-92D4-D81EE7737CF8} = {6A4278C8-C734-4CA1-A20D-335457DD8410}
	EndGlobalSection
	GlobalSection(ExtensibilityGlobals) = postSolution
		SolutionGuid = {EF67310E-EBB6-4808-887A-99A1BCE26D66}
	EndGlobalSection
EndGlobal
